
Microsoft Visual Studio Solution File, Format Version 12.00
# Visual Studio 15
VisualStudioVersion = 15.0.28307.757
MinimumVisualStudioVersion = 10.0.40219.1
Project("{9A19103F-16F7-4668-BE54-9A1E7A4F7556}") = "WebAppStock", "WebAppStock\WebAppStock.csproj", "{1240323E-26EB-476E-9394-84D749896698}"
EndProject
Project("{9A19103F-16F7-4668-BE54-9A1E7A4F7556}") = "GrabData", "GrabData\GrabData.csproj", "{C06A3032-67BE-4288-AEC6-491A283E9D46}"
EndProject
Project("{FAE04EC0-301F-11D3-BF4B-00C04F79EFBC}") = "StockProcessor", "StockProcessor\StockProcessor.csproj", "{002E972B-5BC7-4E52-8D68-527C4BFCF22C}"
EndProject
Global
	GlobalSection(SolutionConfigurationPlatforms) = preSolution
		Debug|Any CPU = Debug|Any CPU
		Release|Any CPU = Release|Any CPU
	EndGlobalSection
	GlobalSection(ProjectConfigurationPlatforms) = postSolution
		{1240323E-26EB-476E-9394-84D749896698}.Debug|Any CPU.ActiveCfg = Debug|Any CPU
		{1240323E-26EB-476E-9394-84D749896698}.Debug|Any CPU.Build.0 = Debug|Any CPU
		{1240323E-26EB-476E-9394-84D749896698}.Release|Any CPU.ActiveCfg = Release|Any CPU
		{1240323E-26EB-476E-9394-84D749896698}.Release|Any CPU.Build.0 = Release|Any CPU
		{C06A3032-67BE-4288-AEC6-491A283E9D46}.Debug|Any CPU.ActiveCfg = Debug|Any CPU
		{C06A3032-67BE-4288-AEC6-491A283E9D46}.Debug|Any CPU.Build.0 = Debug|Any CPU
		{C06A3032-67BE-4288-AEC6-491A283E9D46}.Release|Any CPU.ActiveCfg = Release|Any CPU
		{C06A3032-67BE-4288-AEC6-491A283E9D46}.Release|Any CPU.Build.0 = Release|Any CPU
		{002E972B-5BC7-4E52-8D68-527C4BFCF22C}.Debug|Any CPU.ActiveCfg = Debug|Any CPU
		{002E972B-5BC7-4E52-8D68-527C4BFCF22C}.Debug|Any CPU.Build.0 = Debug|Any CPU
		{002E972B-5BC7-4E52-8D68-527C4BFCF22C}.Release|Any CPU.ActiveCfg = Release|Any CPU
		{002E972B-5BC7-4E52-8D68-527C4BFCF22C}.Release|Any CPU.Build.0 = Release|Any CPU
	EndGlobalSection
	GlobalSection(SolutionProperties) = preSolution
		HideSolutionNode = FALSE
	EndGlobalSection
	GlobalSection(ExtensibilityGlobals) = postSolution
		SolutionGuid = {10257373-F17F-4DCA-A4F2-520FD4A3E921}
	EndGlobalSection
EndGlobal
